
Microsoft Visual Studio Solution File, Format Version 12.00
# Visual Studio 15
VisualStudioVersion = 15.0.26430.13
MinimumVisualStudioVersion = 10.0.40219.1
Project("{FAE04EC0-301F-11D3-BF4B-00C04F79EFBC}") = "App1.Android", "App1\App1.Android\App1.Android.csproj", "{0A0B8C7E-1F98-496A-AB7A-748DC8BE2107}"
EndProject
Project("{FAE04EC0-301F-11D3-BF4B-00C04F79EFBC}") = "App1", "App1\App1\App1.csproj", "{BB747FF9-3558-4352-9A6A-E779E128E2AF}"
EndProject
Project("{FAE04EC0-301F-11D3-BF4B-00C04F79EFBC}") = "App1.iOS", "App1\App1.iOS\App1.iOS.csproj", "{7A00724C-22DB-4E87-ACC7-3C1C45AB9569}"
EndProject
Global
	GlobalSection(SolutionConfigurationPlatforms) = preSolution
		Ad-Hoc|Any CPU = Ad-Hoc|Any CPU
		Ad-Hoc|ARM = Ad-Hoc|ARM
		Ad-Hoc|iPhone = Ad-Hoc|iPhone
		Ad-Hoc|iPhoneSimulator = Ad-Hoc|iPhoneSimulator
		Ad-Hoc|x64 = Ad-Hoc|x64
		Ad-Hoc|x86 = Ad-Hoc|x86
		AppStore|Any CPU = AppStore|Any CPU
		AppStore|ARM = AppStore|ARM
		AppStore|iPhone = AppStore|iPhone
		AppStore|iPhoneSimulator = AppStore|iPhoneSimulator
		AppStore|x64 = AppStore|x64
		AppStore|x86 = AppStore|x86
		Debug|Any CPU = Debug|Any CPU
		Debug|ARM = Debug|ARM
		Debug|iPhone = Debug|iPhone
		Debug|iPhoneSimulator = Debug|iPhoneSimulator
		Debug|x64 = Debug|x64
		Debug|x86 = Debug|x86
		Release|Any CPU = Release|Any CPU
		Release|ARM = Release|ARM
		Release|iPhone = Release|iPhone
		Release|iPhoneSimulator = Release|iPhoneSimulator
		Release|x64 = Release|x64
		Release|x86 = Release|x86
	EndGlobalSection
	GlobalSection(ProjectConfigurationPlatforms) = postSolution
		{0A0B8C7E-1F98-496A-AB7A-748DC8BE2107}.Ad-Hoc|Any CPU.ActiveCfg = Release|Any CPU
		{0A0B8C7E-1F98-496A-AB7A-748DC8BE2107}.Ad-Hoc|Any CPU.Build.0 = Release|Any CPU
		{0A0B8C7E-1F98-496A-AB7A-748DC8BE2107}.Ad-Hoc|Any CPU.Deploy.0 = Release|Any CPU
		{0A0B8C7E-1F98-496A-AB7A-748DC8BE2107}.Ad-Hoc|ARM.ActiveCfg = Release|Any CPU
		{0A0B8C7E-1F98-496A-AB7A-748DC8BE2107}.Ad-Hoc|ARM.Build.0 = Release|Any CPU
		{0A0B8C7E-1F98-496A-AB7A-748DC8BE2107}.Ad-Hoc|ARM.Deploy.0 = Release|Any CPU
		{0A0B8C7E-1F98-496A-AB7A-748DC8BE2107}.Ad-Hoc|iPhone.ActiveCfg = Release|Any CPU
		{0A0B8C7E-1F98-496A-AB7A-748DC8BE2107}.Ad-Hoc|iPhone.Build.0 = Release|Any CPU
		{0A0B8C7E-1F98-496A-AB7A-748DC8BE2107}.Ad-Hoc|iPhone.Deploy.0 = Release|Any CPU
		{0A0B8C7E-1F98-496A-AB7A-748DC8BE2107}.Ad-Hoc|iPhoneSimulator.ActiveCfg = Release|Any CPU
		{0A0B8C7E-1F98-496A-AB7A-748DC8BE2107}.Ad-Hoc|iPhoneSimulator.Build.0 = Release|Any CPU
		{0A0B8C7E-1F98-496A-AB7A-748DC8BE2107}.Ad-Hoc|iPhoneSimulator.Deploy.0 = Release|Any CPU
		{0A0B8C7E-1F98-496A-AB7A-748DC8BE2107}.Ad-Hoc|x64.ActiveCfg = Release|Any CPU
		{0A0B8C7E-1F98-496A-AB7A-748DC8BE2107}.Ad-Hoc|x64.Build.0 = Release|Any CPU
		{0A0B8C7E-1F98-496A-AB7A-748DC8BE2107}.Ad-Hoc|x64.Deploy.0 = Release|Any CPU
		{0A0B8C7E-1F98-496A-AB7A-748DC8BE2107}.Ad-Hoc|x86.ActiveCfg = Release|Any CPU
		{0A0B8C7E-1F98-496A-AB7A-748DC8BE2107}.Ad-Hoc|x86.Build.0 = Release|Any CPU
		{0A0B8C7E-1F98-496A-AB7A-748DC8BE2107}.Ad-Hoc|x86.Deploy.0 = Release|Any CPU
		{0A0B8C7E-1F98-496A-AB7A-748DC8BE2107}.AppStore|Any CPU.ActiveCfg = Release|Any CPU
		{0A0B8C7E-1F98-496A-AB7A-748DC8BE2107}.AppStore|Any CPU.Build.0 = Release|Any CPU
		{0A0B8C7E-1F98-496A-AB7A-748DC8BE2107}.AppStore|Any CPU.Deploy.0 = Release|Any CPU
		{0A0B8C7E-1F98-496A-AB7A-748DC8BE2107}.AppStore|ARM.ActiveCfg = Release|Any CPU
		{0A0B8C7E-1F98-496A-AB7A-748DC8BE2107}.AppStore|ARM.Build.0 = Release|Any CPU
		{0A0B8C7E-1F98-496A-AB7A-748DC8BE2107}.AppStore|ARM.Deploy.0 = Release|Any CPU
		{0A0B8C7E-1F98-496A-AB7A-748DC8BE2107}.AppStore|iPhone.ActiveCfg = Release|Any CPU
		{0A0B8C7E-1F98-496A-AB7A-748DC8BE2107}.AppStore|iPhone.Build.0 = Release|Any CPU
		{0A0B8C7E-1F98-496A-AB7A-748DC8BE2107}.AppStore|iPhone.Deploy.0 = Release|Any CPU
		{0A0B8C7E-1F98-496A-AB7A-748DC8BE2107}.AppStore|iPhoneSimulator.ActiveCfg = Release|Any CPU
		{0A0B8C7E-1F98-496A-AB7A-748DC8BE2107}.AppStore|iPhoneSimulator.Build.0 = Release|Any CPU
		{0A0B8C7E-1F98-496A-AB7A-748DC8BE2107}.AppStore|iPhoneSimulator.Deploy.0 = Release|Any CPU
		{0A0B8C7E-1F98-496A-AB7A-748DC8BE2107}.AppStore|x64.ActiveCfg = Release|Any CPU
		{0A0B8C7E-1F98-496A-AB7A-748DC8BE2107}.AppStore|x64.Build.0 = Release|Any CPU
		{0A0B8C7E-1F98-496A-AB7A-748DC8BE2107}.AppStore|x64.Deploy.0 = Release|Any CPU
		{0A0B8C7E-1F98-496A-AB7A-748DC8BE2107}.AppStore|x86.ActiveCfg = Release|Any CPU
		{0A0B8C7E-1F98-496A-AB7A-748DC8BE2107}.AppStore|x86.Build.0 = Release|Any CPU
		{0A0B8C7E-1F98-496A-AB7A-748DC8BE2107}.AppStore|x86.Deploy.0 = Release|Any CPU
		{0A0B8C7E-1F98-496A-AB7A-748DC8BE2107}.Debug|Any CPU.ActiveCfg = Debug|Any CPU
		{0A0B8C7E-1F98-496A-AB7A-748DC8BE2107}.Debug|Any CPU.Build.0 = Debug|Any CPU
		{0A0B8C7E-1F98-496A-AB7A-748DC8BE2107}.Debug|Any CPU.Deploy.0 = Debug|Any CPU
		{0A0B8C7E-1F98-496A-AB7A-748DC8BE2107}.Debug|ARM.ActiveCfg = Debug|Any CPU
		{0A0B8C7E-1F98-496A-AB7A-748DC8BE2107}.Debug|ARM.Build.0 = Debug|Any CPU
		{0A0B8C7E-1F98-496A-AB7A-748DC8BE2107}.Debug|ARM.Deploy.0 = Debug|Any CPU
		{0A0B8C7E-1F98-496A-AB7A-748DC8BE2107}.Debug|iPhone.ActiveCfg = Debug|Any CPU
		{0A0B8C7E-1F98-496A-AB7A-748DC8BE2107}.Debug|iPhone.Build.0 = Debug|Any CPU
		{0A0B8C7E-1F98-496A-AB7A-748DC8BE2107}.Debug|iPhone.Deploy.0 = Debug|Any CPU
		{0A0B8C7E-1F98-496A-AB7A-748DC8BE2107}.Debug|iPhoneSimulator.ActiveCfg = Debug|Any CPU
		{0A0B8C7E-1F98-496A-AB7A-748DC8BE2107}.Debug|iPhoneSimulator.Build.0 = Debug|Any CPU
		{0A0B8C7E-1F98-496A-AB7A-748DC8BE2107}.Debug|iPhoneSimulator.Deploy.0 = Debug|Any CPU
		{0A0B8C7E-1F98-496A-AB7A-748DC8BE2107}.Debug|x64.ActiveCfg = Debug|Any CPU
		{0A0B8C7E-1F98-496A-AB7A-748DC8BE2107}.Debug|x64.Build.0 = Debug|Any CPU
		{0A0B8C7E-1F98-496A-AB7A-748DC8BE2107}.Debug|x64.Deploy.0 = Debug|Any CPU
		{0A0B8C7E-1F98-496A-AB7A-748DC8BE2107}.Debug|x86.ActiveCfg = Debug|Any CPU
		{0A0B8C7E-1F98-496A-AB7A-748DC8BE2107}.Debug|x86.Build.0 = Debug|Any CPU
		{0A0B8C7E-1F98-496A-AB7A-748DC8BE2107}.Debug|x86.Deploy.0 = Debug|Any CPU
		{0A0B8C7E-1F98-496A-AB7A-748DC8BE2107}.Release|Any CPU.ActiveCfg = Release|Any CPU
		{0A0B8C7E-1F98-496A-AB7A-748DC8BE2107}.Release|Any CPU.Build.0 = Release|Any CPU
		{0A0B8C7E-1F98-496A-AB7A-748DC8BE2107}.Release|Any CPU.Deploy.0 = Release|Any CPU
		{0A0B8C7E-1F98-496A-AB7A-748DC8BE2107}.Release|ARM.ActiveCfg = Release|Any CPU
		{0A0B8C7E-1F98-496A-AB7A-748DC8BE2107}.Release|ARM.Build.0 = Release|Any CPU
		{0A0B8C7E-1F98-496A-AB7A-748DC8BE2107}.Release|ARM.Deploy.0 = Release|Any CPU
		{0A0B8C7E-1F98-496A-AB7A-748DC8BE2107}.Release|iPhone.ActiveCfg = Release|Any CPU
		{0A0B8C7E-1F98-496A-AB7A-748DC8BE2107}.Release|iPhone.Build.0 = Release|Any CPU
		{0A0B8C7E-1F98-496A-AB7A-748DC8BE2107}.Release|iPhone.Deploy.0 = Release|Any CPU
		{0A0B8C7E-1F98-496A-AB7A-748DC8BE2107}.Release|iPhoneSimulator.ActiveCfg = Release|Any CPU
		{0A0B8C7E-1F98-496A-AB7A-748DC8BE2107}.Release|iPhoneSimulator.Build.0 = Release|Any CPU
		{0A0B8C7E-1F98-496A-AB7A-748DC8BE2107}.Release|iPhoneSimulator.Deploy.0 = Release|Any CPU
		{0A0B8C7E-1F98-496A-AB7A-748DC8BE2107}.Release|x64.ActiveCfg = Release|Any CPU
		{0A0B8C7E-1F98-496A-AB7A-748DC8BE2107}.Release|x64.Build.0 = Release|Any CPU
		{0A0B8C7E-1F98-496A-AB7A-748DC8BE2107}.Release|x64.Deploy.0 = Release|Any CPU
		{0A0B8C7E-1F98-496A-AB7A-748DC8BE2107}.Release|x86.ActiveCfg = Release|Any CPU
		{0A0B8C7E-1F98-496A-AB7A-748DC8BE2107}.Release|x86.Build.0 = Release|Any CPU
		{0A0B8C7E-1F98-496A-AB7A-748DC8BE2107}.Release|x86.Deploy.0 = Release|Any CPU
		{BB747FF9-3558-4352-9A6A-E779E128E2AF}.Ad-Hoc|Any CPU.ActiveCfg = Release|Any CPU
		{BB747FF9-3558-4352-9A6A-E779E128E2AF}.Ad-Hoc|Any CPU.Build.0 = Release|Any CPU
		{BB747FF9-3558-4352-9A6A-E779E128E2AF}.Ad-Hoc|ARM.ActiveCfg = Release|Any CPU
		{BB747FF9-3558-4352-9A6A-E779E128E2AF}.Ad-Hoc|ARM.Build.0 = Release|Any CPU
		{BB747FF9-3558-4352-9A6A-E779E128E2AF}.Ad-Hoc|iPhone.ActiveCfg = Release|Any CPU
		{BB747FF9-3558-4352-9A6A-E779E128E2AF}.Ad-Hoc|iPhone.Build.0 = Release|Any CPU
		{BB747FF9-3558-4352-9A6A-E779E128E2AF}.Ad-Hoc|iPhoneSimulator.ActiveCfg = Release|Any CPU
		{BB747FF9-3558-4352-9A6A-E779E128E2AF}.Ad-Hoc|iPhoneSimulator.Build.0 = Release|Any CPU
		{BB747FF9-3558-4352-9A6A-E779E128E2AF}.Ad-Hoc|x64.ActiveCfg = Release|Any CPU
		{BB747FF9-3558-4352-9A6A-E779E128E2AF}.Ad-Hoc|x64.Build.0 = Release|Any CPU
		{BB747FF9-3558-4352-9A6A-E779E128E2AF}.Ad-Hoc|x86.ActiveCfg = Release|Any CPU
		{BB747FF9-3558-4352-9A6A-E779E128E2AF}.Ad-Hoc|x86.Build.0 = Release|Any CPU
		{BB747FF9-3558-4352-9A6A-E779E128E2AF}.AppStore|Any CPU.ActiveCfg = Release|Any CPU
		{BB747FF9-3558-4352-9A6A-E779E128E2AF}.AppStore|Any CPU.Build.0 = Release|Any CPU
		{BB747FF9-3558-4352-9A6A-E779E128E2AF}.AppStore|ARM.ActiveCfg = Release|Any CPU
		{BB747FF9-3558-4352-9A6A-E779E128E2AF}.AppStore|ARM.Build.0 = Release|Any CPU
		{BB747FF9-3558-4352-9A6A-E779E128E2AF}.AppStore|iPhone.ActiveCfg = Release|Any CPU
		{BB747FF9-3558-4352-9A6A-E779E128E2AF}.AppStore|iPhone.Build.0 = Release|Any CPU
		{BB747FF9-3558-4352-9A6A-E779E128E2AF}.AppStore|iPhoneSimulator.ActiveCfg = Release|Any CPU
		{BB747FF9-3558-4352-9A6A-E779E128E2AF}.AppStore|iPhoneSimulator.Build.0 = Release|Any CPU
		{BB747FF9-3558-4352-9A6A-E779E128E2AF}.AppStore|x64.ActiveCfg = Release|Any CPU
		{BB747FF9-3558-4352-9A6A-E779E128E2AF}.AppStore|x64.Build.0 = Release|Any CPU
		{BB747FF9-3558-4352-9A6A-E779E128E2AF}.AppStore|x86.ActiveCfg = Release|Any CPU
		{BB747FF9-3558-4352-9A6A-E779E128E2AF}.AppStore|x86.Build.0 = Release|Any CPU
		{BB747FF9-3558-4352-9A6A-E779E128E2AF}.Debug|Any CPU.ActiveCfg = Debug|Any CPU
		{BB747FF9-3558-4352-9A6A-E779E128E2AF}.Debug|Any CPU.Build.0 = Debug|Any CPU
		{BB747FF9-3558-4352-9A6A-E779E128E2AF}.Debug|ARM.ActiveCfg = Debug|Any CPU
		{BB747FF9-3558-4352-9A6A-E779E128E2AF}.Debug|ARM.Build.0 = Debug|Any CPU
		{BB747FF9-3558-4352-9A6A-E779E128E2AF}.Debug|iPhone.ActiveCfg = Debug|Any CPU
		{BB747FF9-3558-4352-9A6A-E779E128E2AF}.Debug|iPhone.Build.0 = Debug|Any CPU
		{BB747FF9-3558-4352-9A6A-E779E128E2AF}.Debug|iPhoneSimulator.ActiveCfg = Debug|Any CPU
		{BB747FF9-3558-4352-9A6A-E779E128E2AF}.Debug|iPhoneSimulator.Build.0 = Debug|Any CPU
		{BB747FF9-3558-4352-9A6A-E779E128E2AF}.Debug|x64.ActiveCfg = Debug|Any CPU
		{BB747FF9-3558-4352-9A6A-E779E128E2AF}.Debug|x64.Build.0 = Debug|Any CPU
		{BB747FF9-3558-4352-9A6A-E779E128E2AF}.Debug|x86.ActiveCfg = Debug|Any CPU
		{BB747FF9-3558-4352-9A6A-E779E128E2AF}.Debug|x86.Build.0 = Debug|Any CPU
		{BB747FF9-3558-4352-9A6A-E779E128E2AF}.Release|Any CPU.ActiveCfg = Release|Any CPU
		{BB747FF9-3558-4352-9A6A-E779E128E2AF}.Release|Any CPU.Build.0 = Release|Any CPU
		{BB747FF9-3558-4352-9A6A-E779E128E2AF}.Release|ARM.ActiveCfg = Release|Any CPU
		{BB747FF9-3558-4352-9A6A-E779E128E2AF}.Release|ARM.Build.0 = Release|Any CPU
		{BB747FF9-3558-4352-9A6A-E779E128E2AF}.Release|iPhone.ActiveCfg = Release|Any CPU
		{BB747FF9-3558-4352-9A6A-E779E128E2AF}.Release|iPhone.Build.0 = Release|Any CPU
		{BB747FF9-3558-4352-9A6A-E779E128E2AF}.Release|iPhoneSimulator.ActiveCfg = Release|Any CPU
		{BB747FF9-3558-4352-9A6A-E779E128E2AF}.Release|iPhoneSimulator.Build.0 = Release|Any CPU
		{BB747FF9-3558-4352-9A6A-E779E128E2AF}.Release|x64.ActiveCfg = Release|Any CPU
		{BB747FF9-3558-4352-9A6A-E779E128E2AF}.Release|x64.Build.0 = Release|Any CPU
		{BB747FF9-3558-4352-9A6A-E779E128E2AF}.Release|x86.ActiveCfg = Release|Any CPU
		{BB747FF9-3558-4352-9A6A-E779E128E2AF}.Release|x86.Build.0 = Release|Any CPU
		{7A00724C-22DB-4E87-ACC7-3C1C45AB9569}.Ad-Hoc|Any CPU.ActiveCfg = Ad-Hoc|iPhone
		{7A00724C-22DB-4E87-ACC7-3C1C45AB9569}.Ad-Hoc|ARM.ActiveCfg = Ad-Hoc|iPhone
		{7A00724C-22DB-4E87-ACC7-3C1C45AB9569}.Ad-Hoc|iPhone.ActiveCfg = Ad-Hoc|iPhone
		{7A00724C-22DB-4E87-ACC7-3C1C45AB9569}.Ad-Hoc|iPhone.Build.0 = Ad-Hoc|iPhone
		{7A00724C-22DB-4E87-ACC7-3C1C45AB9569}.Ad-Hoc|iPhoneSimulator.ActiveCfg = Ad-Hoc|iPhoneSimulator
		{7A00724C-22DB-4E87-ACC7-3C1C45AB9569}.Ad-Hoc|iPhoneSimulator.Build.0 = Ad-Hoc|iPhoneSimulator
		{7A00724C-22DB-4E87-ACC7-3C1C45AB9569}.Ad-Hoc|x64.ActiveCfg = Ad-Hoc|iPhone
		{7A00724C-22DB-4E87-ACC7-3C1C45AB9569}.Ad-Hoc|x86.ActiveCfg = Ad-Hoc|iPhone
		{7A00724C-22DB-4E87-ACC7-3C1C45AB9569}.AppStore|Any CPU.ActiveCfg = AppStore|iPhone
		{7A00724C-22DB-4E87-ACC7-3C1C45AB9569}.AppStore|ARM.ActiveCfg = AppStore|iPhone
		{7A00724C-22DB-4E87-ACC7-3C1C45AB9569}.AppStore|iPhone.ActiveCfg = AppStore|iPhone
		{7A00724C-22DB-4E87-ACC7-3C1C45AB9569}.AppStore|iPhone.Build.0 = AppStore|iPhone
		{7A00724C-22DB-4E87-ACC7-3C1C45AB9569}.AppStore|iPhoneSimulator.ActiveCfg = AppStore|iPhoneSimulator
		{7A00724C-22DB-4E87-ACC7-3C1C45AB9569}.AppStore|iPhoneSimulator.Build.0 = AppStore|iPhoneSimulator
		{7A00724C-22DB-4E87-ACC7-3C1C45AB9569}.AppStore|x64.ActiveCfg = AppStore|iPhone
		{7A00724C-22DB-4E87-ACC7-3C1C45AB9569}.AppStore|x86.ActiveCfg = AppStore|iPhone
		{7A00724C-22DB-4E87-ACC7-3C1C45AB9569}.Debug|Any CPU.ActiveCfg = Debug|iPhone
		{7A00724C-22DB-4E87-ACC7-3C1C45AB9569}.Debug|ARM.ActiveCfg = Debug|iPhone
		{7A00724C-22DB-4E87-ACC7-3C1C45AB9569}.Debug|iPhone.ActiveCfg = Debug|iPhone
		{7A00724C-22DB-4E87-ACC7-3C1C45AB9569}.Debug|iPhone.Build.0 = Debug|iPhone
		{7A00724C-22DB-4E87-ACC7-3C1C45AB9569}.Debug|iPhoneSimulator.ActiveCfg = Debug|iPhoneSimulator
		{7A00724C-22DB-4E87-ACC7-3C1C45AB9569}.Debug|iPhoneSimulator.Build.0 = Debug|iPhoneSimulator
		{7A00724C-22DB-4E87-ACC7-3C1C45AB9569}.Debug|x64.ActiveCfg = Debug|iPhone
		{7A00724C-22DB-4E87-ACC7-3C1C45AB9569}.Debug|x86.ActiveCfg = Debug|iPhone
		{7A00724C-22DB-4E87-ACC7-3C1C45AB9569}.Release|Any CPU.ActiveCfg = Release|iPhone
		{7A00724C-22DB-4E87-ACC7-3C1C45AB9569}.Release|ARM.ActiveCfg = Release|iPhone
		{7A00724C-22DB-4E87-ACC7-3C1C45AB9569}.Release|iPhone.ActiveCfg = Release|iPhone
		{7A00724C-22DB-4E87-ACC7-3C1C45AB9569}.Release|iPhone.Build.0 = Release|iPhone
		{7A00724C-22DB-4E87-ACC7-3C1C45AB9569}.Release|iPhoneSimulator.ActiveCfg = Release|iPhoneSimulator
		{7A00724C-22DB-4E87-ACC7-3C1C45AB9569}.Release|iPhoneSimulator.Build.0 = Release|iPhoneSimulator
		{7A00724C-22DB-4E87-ACC7-3C1C45AB9569}.Release|x64.ActiveCfg = Release|iPhone
		{7A00724C-22DB-4E87-ACC7-3C1C45AB9569}.Release|x86.ActiveCfg = Release|iPhone
	EndGlobalSection
	GlobalSection(SolutionProperties) = preSolution
		HideSolutionNode = FALSE
	EndGlobalSection
	GlobalSection(ExtensibilityGlobals) = postSolution
		SolutionGuid = {31B2E2D5-C36F-4710-AC6F-57EBA372FA49}
	EndGlobalSection
EndGlobal
