
Microsoft Visual Studio Solution File, Format Version 12.00
# Visual Studio 15
VisualStudioVersion = 15.0.26430.14
MinimumVisualStudioVersion = 10.0.40219.1
Project("{FAE04EC0-301F-11D3-BF4B-00C04F79EFBC}") = "Prueba2.Android", "Prueba2\Prueba2.Android\Prueba2.Android.csproj", "{DBAC725E-7D11-49E7-9A25-201FB0107B1B}"
EndProject
Project("{FAE04EC0-301F-11D3-BF4B-00C04F79EFBC}") = "Prueba2", "Prueba2\Prueba2\Prueba2.csproj", "{54A3A71C-7145-46F2-8504-B9A0C799A4F1}"
EndProject
Project("{FAE04EC0-301F-11D3-BF4B-00C04F79EFBC}") = "Prueba2.UWP", "Prueba2\Prueba2.UWP\Prueba2.UWP.csproj", "{AFE4C2A6-FB5E-48BA-8AD0-E0E52FB31527}"
EndProject
Project("{FAE04EC0-301F-11D3-BF4B-00C04F79EFBC}") = "Prueba2.iOS", "Prueba2\Prueba2.iOS\Prueba2.iOS.csproj", "{4B18A337-1537-4788-9C29-359052C41E8A}"
EndProject
Global
	GlobalSection(SolutionConfigurationPlatforms) = preSolution
		Ad-Hoc|Any CPU = Ad-Hoc|Any CPU
		Ad-Hoc|ARM = Ad-Hoc|ARM
		Ad-Hoc|iPhone = Ad-Hoc|iPhone
		Ad-Hoc|iPhoneSimulator = Ad-Hoc|iPhoneSimulator
		Ad-Hoc|x64 = Ad-Hoc|x64
		Ad-Hoc|x86 = Ad-Hoc|x86
		AppStore|Any CPU = AppStore|Any CPU
		AppStore|ARM = AppStore|ARM
		AppStore|iPhone = AppStore|iPhone
		AppStore|iPhoneSimulator = AppStore|iPhoneSimulator
		AppStore|x64 = AppStore|x64
		AppStore|x86 = AppStore|x86
		Debug|Any CPU = Debug|Any CPU
		Debug|ARM = Debug|ARM
		Debug|iPhone = Debug|iPhone
		Debug|iPhoneSimulator = Debug|iPhoneSimulator
		Debug|x64 = Debug|x64
		Debug|x86 = Debug|x86
		Release|Any CPU = Release|Any CPU
		Release|ARM = Release|ARM
		Release|iPhone = Release|iPhone
		Release|iPhoneSimulator = Release|iPhoneSimulator
		Release|x64 = Release|x64
		Release|x86 = Release|x86
	EndGlobalSection
	GlobalSection(ProjectConfigurationPlatforms) = postSolution
		{DBAC725E-7D11-49E7-9A25-201FB0107B1B}.Ad-Hoc|Any CPU.ActiveCfg = Release|Any CPU
		{DBAC725E-7D11-49E7-9A25-201FB0107B1B}.Ad-Hoc|Any CPU.Build.0 = Release|Any CPU
		{DBAC725E-7D11-49E7-9A25-201FB0107B1B}.Ad-Hoc|Any CPU.Deploy.0 = Release|Any CPU
		{DBAC725E-7D11-49E7-9A25-201FB0107B1B}.Ad-Hoc|ARM.ActiveCfg = Release|Any CPU
		{DBAC725E-7D11-49E7-9A25-201FB0107B1B}.Ad-Hoc|ARM.Build.0 = Release|Any CPU
		{DBAC725E-7D11-49E7-9A25-201FB0107B1B}.Ad-Hoc|ARM.Deploy.0 = Release|Any CPU
		{DBAC725E-7D11-49E7-9A25-201FB0107B1B}.Ad-Hoc|iPhone.ActiveCfg = Release|Any CPU
		{DBAC725E-7D11-49E7-9A25-201FB0107B1B}.Ad-Hoc|iPhone.Build.0 = Release|Any CPU
		{DBAC725E-7D11-49E7-9A25-201FB0107B1B}.Ad-Hoc|iPhone.Deploy.0 = Release|Any CPU
		{DBAC725E-7D11-49E7-9A25-201FB0107B1B}.Ad-Hoc|iPhoneSimulator.ActiveCfg = Release|Any CPU
		{DBAC725E-7D11-49E7-9A25-201FB0107B1B}.Ad-Hoc|iPhoneSimulator.Build.0 = Release|Any CPU
		{DBAC725E-7D11-49E7-9A25-201FB0107B1B}.Ad-Hoc|iPhoneSimulator.Deploy.0 = Release|Any CPU
		{DBAC725E-7D11-49E7-9A25-201FB0107B1B}.Ad-Hoc|x64.ActiveCfg = Release|Any CPU
		{DBAC725E-7D11-49E7-9A25-201FB0107B1B}.Ad-Hoc|x64.Build.0 = Release|Any CPU
		{DBAC725E-7D11-49E7-9A25-201FB0107B1B}.Ad-Hoc|x64.Deploy.0 = Release|Any CPU
		{DBAC725E-7D11-49E7-9A25-201FB0107B1B}.Ad-Hoc|x86.ActiveCfg = Release|Any CPU
		{DBAC725E-7D11-49E7-9A25-201FB0107B1B}.Ad-Hoc|x86.Build.0 = Release|Any CPU
		{DBAC725E-7D11-49E7-9A25-201FB0107B1B}.Ad-Hoc|x86.Deploy.0 = Release|Any CPU
		{DBAC725E-7D11-49E7-9A25-201FB0107B1B}.AppStore|Any CPU.ActiveCfg = Release|Any CPU
		{DBAC725E-7D11-49E7-9A25-201FB0107B1B}.AppStore|Any CPU.Build.0 = Release|Any CPU
		{DBAC725E-7D11-49E7-9A25-201FB0107B1B}.AppStore|Any CPU.Deploy.0 = Release|Any CPU
		{DBAC725E-7D11-49E7-9A25-201FB0107B1B}.AppStore|ARM.ActiveCfg = Release|Any CPU
		{DBAC725E-7D11-49E7-9A25-201FB0107B1B}.AppStore|ARM.Build.0 = Release|Any CPU
		{DBAC725E-7D11-49E7-9A25-201FB0107B1B}.AppStore|ARM.Deploy.0 = Release|Any CPU
		{DBAC725E-7D11-49E7-9A25-201FB0107B1B}.AppStore|iPhone.ActiveCfg = Release|Any CPU
		{DBAC725E-7D11-49E7-9A25-201FB0107B1B}.AppStore|iPhone.Build.0 = Release|Any CPU
		{DBAC725E-7D11-49E7-9A25-201FB0107B1B}.AppStore|iPhone.Deploy.0 = Release|Any CPU
		{DBAC725E-7D11-49E7-9A25-201FB0107B1B}.AppStore|iPhoneSimulator.ActiveCfg = Release|Any CPU
		{DBAC725E-7D11-49E7-9A25-201FB0107B1B}.AppStore|iPhoneSimulator.Build.0 = Release|Any CPU
		{DBAC725E-7D11-49E7-9A25-201FB0107B1B}.AppStore|iPhoneSimulator.Deploy.0 = Release|Any CPU
		{DBAC725E-7D11-49E7-9A25-201FB0107B1B}.AppStore|x64.ActiveCfg = Release|Any CPU
		{DBAC725E-7D11-49E7-9A25-201FB0107B1B}.AppStore|x64.Build.0 = Release|Any CPU
		{DBAC725E-7D11-49E7-9A25-201FB0107B1B}.AppStore|x64.Deploy.0 = Release|Any CPU
		{DBAC725E-7D11-49E7-9A25-201FB0107B1B}.AppStore|x86.ActiveCfg = Release|Any CPU
		{DBAC725E-7D11-49E7-9A25-201FB0107B1B}.AppStore|x86.Build.0 = Release|Any CPU
		{DBAC725E-7D11-49E7-9A25-201FB0107B1B}.AppStore|x86.Deploy.0 = Release|Any CPU
		{DBAC725E-7D11-49E7-9A25-201FB0107B1B}.Debug|Any CPU.ActiveCfg = Debug|Any CPU
		{DBAC725E-7D11-49E7-9A25-201FB0107B1B}.Debug|Any CPU.Build.0 = Debug|Any CPU
		{DBAC725E-7D11-49E7-9A25-201FB0107B1B}.Debug|Any CPU.Deploy.0 = Debug|Any CPU
		{DBAC725E-7D11-49E7-9A25-201FB0107B1B}.Debug|ARM.ActiveCfg = Debug|Any CPU
		{DBAC725E-7D11-49E7-9A25-201FB0107B1B}.Debug|ARM.Build.0 = Debug|Any CPU
		{DBAC725E-7D11-49E7-9A25-201FB0107B1B}.Debug|ARM.Deploy.0 = Debug|Any CPU
		{DBAC725E-7D11-49E7-9A25-201FB0107B1B}.Debug|iPhone.ActiveCfg = Debug|Any CPU
		{DBAC725E-7D11-49E7-9A25-201FB0107B1B}.Debug|iPhone.Build.0 = Debug|Any CPU
		{DBAC725E-7D11-49E7-9A25-201FB0107B1B}.Debug|iPhone.Deploy.0 = Debug|Any CPU
		{DBAC725E-7D11-49E7-9A25-201FB0107B1B}.Debug|iPhoneSimulator.ActiveCfg = Debug|Any CPU
		{DBAC725E-7D11-49E7-9A25-201FB0107B1B}.Debug|iPhoneSimulator.Build.0 = Debug|Any CPU
		{DBAC725E-7D11-49E7-9A25-201FB0107B1B}.Debug|iPhoneSimulator.Deploy.0 = Debug|Any CPU
		{DBAC725E-7D11-49E7-9A25-201FB0107B1B}.Debug|x64.ActiveCfg = Debug|Any CPU
		{DBAC725E-7D11-49E7-9A25-201FB0107B1B}.Debug|x64.Build.0 = Debug|Any CPU
		{DBAC725E-7D11-49E7-9A25-201FB0107B1B}.Debug|x64.Deploy.0 = Debug|Any CPU
		{DBAC725E-7D11-49E7-9A25-201FB0107B1B}.Debug|x86.ActiveCfg = Debug|Any CPU
		{DBAC725E-7D11-49E7-9A25-201FB0107B1B}.Debug|x86.Build.0 = Debug|Any CPU
		{DBAC725E-7D11-49E7-9A25-201FB0107B1B}.Debug|x86.Deploy.0 = Debug|Any CPU
		{DBAC725E-7D11-49E7-9A25-201FB0107B1B}.Release|Any CPU.ActiveCfg = Release|Any CPU
		{DBAC725E-7D11-49E7-9A25-201FB0107B1B}.Release|Any CPU.Build.0 = Release|Any CPU
		{DBAC725E-7D11-49E7-9A25-201FB0107B1B}.Release|Any CPU.Deploy.0 = Release|Any CPU
		{DBAC725E-7D11-49E7-9A25-201FB0107B1B}.Release|ARM.ActiveCfg = Release|Any CPU
		{DBAC725E-7D11-49E7-9A25-201FB0107B1B}.Release|ARM.Build.0 = Release|Any CPU
		{DBAC725E-7D11-49E7-9A25-201FB0107B1B}.Release|ARM.Deploy.0 = Release|Any CPU
		{DBAC725E-7D11-49E7-9A25-201FB0107B1B}.Release|iPhone.ActiveCfg = Release|Any CPU
		{DBAC725E-7D11-49E7-9A25-201FB0107B1B}.Release|iPhone.Build.0 = Release|Any CPU
		{DBAC725E-7D11-49E7-9A25-201FB0107B1B}.Release|iPhone.Deploy.0 = Release|Any CPU
		{DBAC725E-7D11-49E7-9A25-201FB0107B1B}.Release|iPhoneSimulator.ActiveCfg = Release|Any CPU
		{DBAC725E-7D11-49E7-9A25-201FB0107B1B}.Release|iPhoneSimulator.Build.0 = Release|Any CPU
		{DBAC725E-7D11-49E7-9A25-201FB0107B1B}.Release|iPhoneSimulator.Deploy.0 = Release|Any CPU
		{DBAC725E-7D11-49E7-9A25-201FB0107B1B}.Release|x64.ActiveCfg = Release|Any CPU
		{DBAC725E-7D11-49E7-9A25-201FB0107B1B}.Release|x64.Build.0 = Release|Any CPU
		{DBAC725E-7D11-49E7-9A25-201FB0107B1B}.Release|x64.Deploy.0 = Release|Any CPU
		{DBAC725E-7D11-49E7-9A25-201FB0107B1B}.Release|x86.ActiveCfg = Release|Any CPU
		{DBAC725E-7D11-49E7-9A25-201FB0107B1B}.Release|x86.Build.0 = Release|Any CPU
		{DBAC725E-7D11-49E7-9A25-201FB0107B1B}.Release|x86.Deploy.0 = Release|Any CPU
		{54A3A71C-7145-46F2-8504-B9A0C799A4F1}.Ad-Hoc|Any CPU.ActiveCfg = Release|Any CPU
		{54A3A71C-7145-46F2-8504-B9A0C799A4F1}.Ad-Hoc|Any CPU.Build.0 = Release|Any CPU
		{54A3A71C-7145-46F2-8504-B9A0C799A4F1}.Ad-Hoc|ARM.ActiveCfg = Release|Any CPU
		{54A3A71C-7145-46F2-8504-B9A0C799A4F1}.Ad-Hoc|ARM.Build.0 = Release|Any CPU
		{54A3A71C-7145-46F2-8504-B9A0C799A4F1}.Ad-Hoc|iPhone.ActiveCfg = Release|Any CPU
		{54A3A71C-7145-46F2-8504-B9A0C799A4F1}.Ad-Hoc|iPhone.Build.0 = Release|Any CPU
		{54A3A71C-7145-46F2-8504-B9A0C799A4F1}.Ad-Hoc|iPhoneSimulator.ActiveCfg = Release|Any CPU
		{54A3A71C-7145-46F2-8504-B9A0C799A4F1}.Ad-Hoc|iPhoneSimulator.Build.0 = Release|Any CPU
		{54A3A71C-7145-46F2-8504-B9A0C799A4F1}.Ad-Hoc|x64.ActiveCfg = Release|Any CPU
		{54A3A71C-7145-46F2-8504-B9A0C799A4F1}.Ad-Hoc|x64.Build.0 = Release|Any CPU
		{54A3A71C-7145-46F2-8504-B9A0C799A4F1}.Ad-Hoc|x86.ActiveCfg = Release|Any CPU
		{54A3A71C-7145-46F2-8504-B9A0C799A4F1}.Ad-Hoc|x86.Build.0 = Release|Any CPU
		{54A3A71C-7145-46F2-8504-B9A0C799A4F1}.AppStore|Any CPU.ActiveCfg = Release|Any CPU
		{54A3A71C-7145-46F2-8504-B9A0C799A4F1}.AppStore|Any CPU.Build.0 = Release|Any CPU
		{54A3A71C-7145-46F2-8504-B9A0C799A4F1}.AppStore|ARM.ActiveCfg = Release|Any CPU
		{54A3A71C-7145-46F2-8504-B9A0C799A4F1}.AppStore|ARM.Build.0 = Release|Any CPU
		{54A3A71C-7145-46F2-8504-B9A0C799A4F1}.AppStore|iPhone.ActiveCfg = Release|Any CPU
		{54A3A71C-7145-46F2-8504-B9A0C799A4F1}.AppStore|iPhone.Build.0 = Release|Any CPU
		{54A3A71C-7145-46F2-8504-B9A0C799A4F1}.AppStore|iPhoneSimulator.ActiveCfg = Release|Any CPU
		{54A3A71C-7145-46F2-8504-B9A0C799A4F1}.AppStore|iPhoneSimulator.Build.0 = Release|Any CPU
		{54A3A71C-7145-46F2-8504-B9A0C799A4F1}.AppStore|x64.ActiveCfg = Release|Any CPU
		{54A3A71C-7145-46F2-8504-B9A0C799A4F1}.AppStore|x64.Build.0 = Release|Any CPU
		{54A3A71C-7145-46F2-8504-B9A0C799A4F1}.AppStore|x86.ActiveCfg = Release|Any CPU
		{54A3A71C-7145-46F2-8504-B9A0C799A4F1}.AppStore|x86.Build.0 = Release|Any CPU
		{54A3A71C-7145-46F2-8504-B9A0C799A4F1}.Debug|Any CPU.ActiveCfg = Debug|Any CPU
		{54A3A71C-7145-46F2-8504-B9A0C799A4F1}.Debug|Any CPU.Build.0 = Debug|Any CPU
		{54A3A71C-7145-46F2-8504-B9A0C799A4F1}.Debug|ARM.ActiveCfg = Debug|Any CPU
		{54A3A71C-7145-46F2-8504-B9A0C799A4F1}.Debug|ARM.Build.0 = Debug|Any CPU
		{54A3A71C-7145-46F2-8504-B9A0C799A4F1}.Debug|iPhone.ActiveCfg = Debug|Any CPU
		{54A3A71C-7145-46F2-8504-B9A0C799A4F1}.Debug|iPhone.Build.0 = Debug|Any CPU
		{54A3A71C-7145-46F2-8504-B9A0C799A4F1}.Debug|iPhoneSimulator.ActiveCfg = Debug|Any CPU
		{54A3A71C-7145-46F2-8504-B9A0C799A4F1}.Debug|iPhoneSimulator.Build.0 = Debug|Any CPU
		{54A3A71C-7145-46F2-8504-B9A0C799A4F1}.Debug|x64.ActiveCfg = Debug|Any CPU
		{54A3A71C-7145-46F2-8504-B9A0C799A4F1}.Debug|x64.Build.0 = Debug|Any CPU
		{54A3A71C-7145-46F2-8504-B9A0C799A4F1}.Debug|x86.ActiveCfg = Debug|Any CPU
		{54A3A71C-7145-46F2-8504-B9A0C799A4F1}.Debug|x86.Build.0 = Debug|Any CPU
		{54A3A71C-7145-46F2-8504-B9A0C799A4F1}.Release|Any CPU.ActiveCfg = Release|Any CPU
		{54A3A71C-7145-46F2-8504-B9A0C799A4F1}.Release|Any CPU.Build.0 = Release|Any CPU
		{54A3A71C-7145-46F2-8504-B9A0C799A4F1}.Release|ARM.ActiveCfg = Release|Any CPU
		{54A3A71C-7145-46F2-8504-B9A0C799A4F1}.Release|ARM.Build.0 = Release|Any CPU
		{54A3A71C-7145-46F2-8504-B9A0C799A4F1}.Release|iPhone.ActiveCfg = Release|Any CPU
		{54A3A71C-7145-46F2-8504-B9A0C799A4F1}.Release|iPhone.Build.0 = Release|Any CPU
		{54A3A71C-7145-46F2-8504-B9A0C799A4F1}.Release|iPhoneSimulator.ActiveCfg = Release|Any CPU
		{54A3A71C-7145-46F2-8504-B9A0C799A4F1}.Release|iPhoneSimulator.Build.0 = Release|Any CPU
		{54A3A71C-7145-46F2-8504-B9A0C799A4F1}.Release|x64.ActiveCfg = Release|Any CPU
		{54A3A71C-7145-46F2-8504-B9A0C799A4F1}.Release|x64.Build.0 = Release|Any CPU
		{54A3A71C-7145-46F2-8504-B9A0C799A4F1}.Release|x86.ActiveCfg = Release|Any CPU
		{54A3A71C-7145-46F2-8504-B9A0C799A4F1}.Release|x86.Build.0 = Release|Any CPU
		{AFE4C2A6-FB5E-48BA-8AD0-E0E52FB31527}.Ad-Hoc|Any CPU.ActiveCfg = Release|x86
		{AFE4C2A6-FB5E-48BA-8AD0-E0E52FB31527}.Ad-Hoc|Any CPU.Build.0 = Release|x86
		{AFE4C2A6-FB5E-48BA-8AD0-E0E52FB31527}.Ad-Hoc|Any CPU.Deploy.0 = Release|x86
		{AFE4C2A6-FB5E-48BA-8AD0-E0E52FB31527}.Ad-Hoc|ARM.ActiveCfg = Release|ARM
		{AFE4C2A6-FB5E-48BA-8AD0-E0E52FB31527}.Ad-Hoc|ARM.Build.0 = Release|ARM
		{AFE4C2A6-FB5E-48BA-8AD0-E0E52FB31527}.Ad-Hoc|ARM.Deploy.0 = Release|ARM
		{AFE4C2A6-FB5E-48BA-8AD0-E0E52FB31527}.Ad-Hoc|iPhone.ActiveCfg = Release|x86
		{AFE4C2A6-FB5E-48BA-8AD0-E0E52FB31527}.Ad-Hoc|iPhone.Build.0 = Release|x86
		{AFE4C2A6-FB5E-48BA-8AD0-E0E52FB31527}.Ad-Hoc|iPhone.Deploy.0 = Release|x86
		{AFE4C2A6-FB5E-48BA-8AD0-E0E52FB31527}.Ad-Hoc|iPhoneSimulator.ActiveCfg = Release|x86
		{AFE4C2A6-FB5E-48BA-8AD0-E0E52FB31527}.Ad-Hoc|iPhoneSimulator.Build.0 = Release|x86
		{AFE4C2A6-FB5E-48BA-8AD0-E0E52FB31527}.Ad-Hoc|iPhoneSimulator.Deploy.0 = Release|x86
		{AFE4C2A6-FB5E-48BA-8AD0-E0E52FB31527}.Ad-Hoc|x64.ActiveCfg = Release|x64
		{AFE4C2A6-FB5E-48BA-8AD0-E0E52FB31527}.Ad-Hoc|x64.Build.0 = Release|x64
		{AFE4C2A6-FB5E-48BA-8AD0-E0E52FB31527}.Ad-Hoc|x64.Deploy.0 = Release|x64
		{AFE4C2A6-FB5E-48BA-8AD0-E0E52FB31527}.Ad-Hoc|x86.ActiveCfg = Release|x86
		{AFE4C2A6-FB5E-48BA-8AD0-E0E52FB31527}.Ad-Hoc|x86.Build.0 = Release|x86
		{AFE4C2A6-FB5E-48BA-8AD0-E0E52FB31527}.Ad-Hoc|x86.Deploy.0 = Release|x86
		{AFE4C2A6-FB5E-48BA-8AD0-E0E52FB31527}.AppStore|Any CPU.ActiveCfg = Release|x86
		{AFE4C2A6-FB5E-48BA-8AD0-E0E52FB31527}.AppStore|Any CPU.Build.0 = Release|x86
		{AFE4C2A6-FB5E-48BA-8AD0-E0E52FB31527}.AppStore|Any CPU.Deploy.0 = Release|x86
		{AFE4C2A6-FB5E-48BA-8AD0-E0E52FB31527}.AppStore|ARM.ActiveCfg = Release|ARM
		{AFE4C2A6-FB5E-48BA-8AD0-E0E52FB31527}.AppStore|ARM.Build.0 = Release|ARM
		{AFE4C2A6-FB5E-48BA-8AD0-E0E52FB31527}.AppStore|ARM.Deploy.0 = Release|ARM
		{AFE4C2A6-FB5E-48BA-8AD0-E0E52FB31527}.AppStore|iPhone.ActiveCfg = Release|x86
		{AFE4C2A6-FB5E-48BA-8AD0-E0E52FB31527}.AppStore|iPhone.Build.0 = Release|x86
		{AFE4C2A6-FB5E-48BA-8AD0-E0E52FB31527}.AppStore|iPhone.Deploy.0 = Release|x86
		{AFE4C2A6-FB5E-48BA-8AD0-E0E52FB31527}.AppStore|iPhoneSimulator.ActiveCfg = Release|x86
		{AFE4C2A6-FB5E-48BA-8AD0-E0E52FB31527}.AppStore|iPhoneSimulator.Build.0 = Release|x86
		{AFE4C2A6-FB5E-48BA-8AD0-E0E52FB31527}.AppStore|iPhoneSimulator.Deploy.0 = Release|x86
		{AFE4C2A6-FB5E-48BA-8AD0-E0E52FB31527}.AppStore|x64.ActiveCfg = Release|x64
		{AFE4C2A6-FB5E-48BA-8AD0-E0E52FB31527}.AppStore|x64.Build.0 = Release|x64
		{AFE4C2A6-FB5E-48BA-8AD0-E0E52FB31527}.AppStore|x64.Deploy.0 = Release|x64
		{AFE4C2A6-FB5E-48BA-8AD0-E0E52FB31527}.AppStore|x86.ActiveCfg = Release|x86
		{AFE4C2A6-FB5E-48BA-8AD0-E0E52FB31527}.AppStore|x86.Build.0 = Release|x86
		{AFE4C2A6-FB5E-48BA-8AD0-E0E52FB31527}.AppStore|x86.Deploy.0 = Release|x86
		{AFE4C2A6-FB5E-48BA-8AD0-E0E52FB31527}.Debug|Any CPU.ActiveCfg = Debug|x86
		{AFE4C2A6-FB5E-48BA-8AD0-E0E52FB31527}.Debug|ARM.ActiveCfg = Debug|ARM
		{AFE4C2A6-FB5E-48BA-8AD0-E0E52FB31527}.Debug|ARM.Build.0 = Debug|ARM
		{AFE4C2A6-FB5E-48BA-8AD0-E0E52FB31527}.Debug|ARM.Deploy.0 = Debug|ARM
		{AFE4C2A6-FB5E-48BA-8AD0-E0E52FB31527}.Debug|iPhone.ActiveCfg = Debug|x86
		{AFE4C2A6-FB5E-48BA-8AD0-E0E52FB31527}.Debug|iPhoneSimulator.ActiveCfg = Debug|x86
		{AFE4C2A6-FB5E-48BA-8AD0-E0E52FB31527}.Debug|x64.ActiveCfg = Debug|x64
		{AFE4C2A6-FB5E-48BA-8AD0-E0E52FB31527}.Debug|x64.Build.0 = Debug|x64
		{AFE4C2A6-FB5E-48BA-8AD0-E0E52FB31527}.Debug|x64.Deploy.0 = Debug|x64
		{AFE4C2A6-FB5E-48BA-8AD0-E0E52FB31527}.Debug|x86.ActiveCfg = Debug|x86
		{AFE4C2A6-FB5E-48BA-8AD0-E0E52FB31527}.Debug|x86.Build.0 = Debug|x86
		{AFE4C2A6-FB5E-48BA-8AD0-E0E52FB31527}.Debug|x86.Deploy.0 = Debug|x86
		{AFE4C2A6-FB5E-48BA-8AD0-E0E52FB31527}.Release|Any CPU.ActiveCfg = Release|x86
		{AFE4C2A6-FB5E-48BA-8AD0-E0E52FB31527}.Release|ARM.ActiveCfg = Release|ARM
		{AFE4C2A6-FB5E-48BA-8AD0-E0E52FB31527}.Release|ARM.Build.0 = Release|ARM
		{AFE4C2A6-FB5E-48BA-8AD0-E0E52FB31527}.Release|ARM.Deploy.0 = Release|ARM
		{AFE4C2A6-FB5E-48BA-8AD0-E0E52FB31527}.Release|iPhone.ActiveCfg = Release|x86
		{AFE4C2A6-FB5E-48BA-8AD0-E0E52FB31527}.Release|iPhoneSimulator.ActiveCfg = Release|x86
		{AFE4C2A6-FB5E-48BA-8AD0-E0E52FB31527}.Release|x64.ActiveCfg = Release|x64
		{AFE4C2A6-FB5E-48BA-8AD0-E0E52FB31527}.Release|x64.Build.0 = Release|x64
		{AFE4C2A6-FB5E-48BA-8AD0-E0E52FB31527}.Release|x64.Deploy.0 = Release|x64
		{AFE4C2A6-FB5E-48BA-8AD0-E0E52FB31527}.Release|x86.ActiveCfg = Release|x86
		{AFE4C2A6-FB5E-48BA-8AD0-E0E52FB31527}.Release|x86.Build.0 = Release|x86
		{AFE4C2A6-FB5E-48BA-8AD0-E0E52FB31527}.Release|x86.Deploy.0 = Release|x86
		{4B18A337-1537-4788-9C29-359052C41E8A}.Ad-Hoc|Any CPU.ActiveCfg = Ad-Hoc|iPhone
		{4B18A337-1537-4788-9C29-359052C41E8A}.Ad-Hoc|ARM.ActiveCfg = Ad-Hoc|iPhone
		{4B18A337-1537-4788-9C29-359052C41E8A}.Ad-Hoc|iPhone.ActiveCfg = Ad-Hoc|iPhone
		{4B18A337-1537-4788-9C29-359052C41E8A}.Ad-Hoc|iPhone.Build.0 = Ad-Hoc|iPhone
		{4B18A337-1537-4788-9C29-359052C41E8A}.Ad-Hoc|iPhoneSimulator.ActiveCfg = Ad-Hoc|iPhoneSimulator
		{4B18A337-1537-4788-9C29-359052C41E8A}.Ad-Hoc|iPhoneSimulator.Build.0 = Ad-Hoc|iPhoneSimulator
		{4B18A337-1537-4788-9C29-359052C41E8A}.Ad-Hoc|x64.ActiveCfg = Ad-Hoc|iPhone
		{4B18A337-1537-4788-9C29-359052C41E8A}.Ad-Hoc|x86.ActiveCfg = Ad-Hoc|iPhone
		{4B18A337-1537-4788-9C29-359052C41E8A}.AppStore|Any CPU.ActiveCfg = AppStore|iPhone
		{4B18A337-1537-4788-9C29-359052C41E8A}.AppStore|ARM.ActiveCfg = AppStore|iPhone
		{4B18A337-1537-4788-9C29-359052C41E8A}.AppStore|iPhone.ActiveCfg = AppStore|iPhone
		{4B18A337-1537-4788-9C29-359052C41E8A}.AppStore|iPhone.Build.0 = AppStore|iPhone
		{4B18A337-1537-4788-9C29-359052C41E8A}.AppStore|iPhoneSimulator.ActiveCfg = AppStore|iPhoneSimulator
		{4B18A337-1537-4788-9C29-359052C41E8A}.AppStore|iPhoneSimulator.Build.0 = AppStore|iPhoneSimulator
		{4B18A337-1537-4788-9C29-359052C41E8A}.AppStore|x64.ActiveCfg = AppStore|iPhone
		{4B18A337-1537-4788-9C29-359052C41E8A}.AppStore|x86.ActiveCfg = AppStore|iPhone
		{4B18A337-1537-4788-9C29-359052C41E8A}.Debug|Any CPU.ActiveCfg = Debug|iPhone
		{4B18A337-1537-4788-9C29-359052C41E8A}.Debug|ARM.ActiveCfg = Debug|iPhone
		{4B18A337-1537-4788-9C29-359052C41E8A}.Debug|iPhone.ActiveCfg = Debug|iPhone
		{4B18A337-1537-4788-9C29-359052C41E8A}.Debug|iPhone.Build.0 = Debug|iPhone
		{4B18A337-1537-4788-9C29-359052C41E8A}.Debug|iPhoneSimulator.ActiveCfg = Debug|iPhoneSimulator
		{4B18A337-1537-4788-9C29-359052C41E8A}.Debug|iPhoneSimulator.Build.0 = Debug|iPhoneSimulator
		{4B18A337-1537-4788-9C29-359052C41E8A}.Debug|x64.ActiveCfg = Debug|iPhone
		{4B18A337-1537-4788-9C29-359052C41E8A}.Debug|x86.ActiveCfg = Debug|iPhone
		{4B18A337-1537-4788-9C29-359052C41E8A}.Release|Any CPU.ActiveCfg = Release|iPhone
		{4B18A337-1537-4788-9C29-359052C41E8A}.Release|ARM.ActiveCfg = Release|iPhone
		{4B18A337-1537-4788-9C29-359052C41E8A}.Release|iPhone.ActiveCfg = Release|iPhone
		{4B18A337-1537-4788-9C29-359052C41E8A}.Release|iPhone.Build.0 = Release|iPhone
		{4B18A337-1537-4788-9C29-359052C41E8A}.Release|iPhoneSimulator.ActiveCfg = Release|iPhoneSimulator
		{4B18A337-1537-4788-9C29-359052C41E8A}.Release|iPhoneSimulator.Build.0 = Release|iPhoneSimulator
		{4B18A337-1537-4788-9C29-359052C41E8A}.Release|x64.ActiveCfg = Release|iPhone
		{4B18A337-1537-4788-9C29-359052C41E8A}.Release|x86.ActiveCfg = Release|iPhone
	EndGlobalSection
	GlobalSection(SolutionProperties) = preSolution
		HideSolutionNode = FALSE
	EndGlobalSection
EndGlobal
