
Microsoft Visual Studio Solution File, Format Version 12.00
# Visual Studio 15
VisualStudioVersion = 15.0.26430.13
MinimumVisualStudioVersion = 10.0.40219.1
Project("{FAE04EC0-301F-11D3-BF4B-00C04F79EFBC}") = "GPIApp", "GPIApp\GPIApp\GPIApp.csproj", "{388BADFB-D8B8-496F-8D20-1B0CA40F02C4}"
EndProject
Project("{FAE04EC0-301F-11D3-BF4B-00C04F79EFBC}") = "GPIApp.Android", "GPIApp\GPIApp.Android\GPIApp.Android.csproj", "{3C4E3015-5B47-4697-BD20-6F839E0BEF37}"
EndProject
Project("{FAE04EC0-301F-11D3-BF4B-00C04F79EFBC}") = "GPIApp.iOS", "GPIApp\GPIApp.iOS\GPIApp.iOS.csproj", "{A8368BF7-31AE-4B06-ADE8-60AF16CBFA67}"
EndProject
Project("{FAE04EC0-301F-11D3-BF4B-00C04F79EFBC}") = "WebApiConector", "GPIApp\WebApiConector\WebApiConector.csproj", "{67F9D3A8-F71E-4428-913F-C37AE82CDB24}"
EndProject
Global
	GlobalSection(SolutionConfigurationPlatforms) = preSolution
		Debug|Any CPU = Debug|Any CPU
		Debug|iPhone = Debug|iPhone
		Debug|iPhoneSimulator = Debug|iPhoneSimulator
		Release|Any CPU = Release|Any CPU
		Release|iPhone = Release|iPhone
		Release|iPhoneSimulator = Release|iPhoneSimulator
	EndGlobalSection
	GlobalSection(ProjectConfigurationPlatforms) = postSolution
		{388BADFB-D8B8-496F-8D20-1B0CA40F02C4}.Debug|Any CPU.ActiveCfg = Debug|Any CPU
		{388BADFB-D8B8-496F-8D20-1B0CA40F02C4}.Debug|Any CPU.Build.0 = Debug|Any CPU
		{388BADFB-D8B8-496F-8D20-1B0CA40F02C4}.Debug|iPhone.ActiveCfg = Debug|Any CPU
		{388BADFB-D8B8-496F-8D20-1B0CA40F02C4}.Debug|iPhone.Build.0 = Debug|Any CPU
		{388BADFB-D8B8-496F-8D20-1B0CA40F02C4}.Debug|iPhoneSimulator.ActiveCfg = Debug|Any CPU
		{388BADFB-D8B8-496F-8D20-1B0CA40F02C4}.Debug|iPhoneSimulator.Build.0 = Debug|Any CPU
		{388BADFB-D8B8-496F-8D20-1B0CA40F02C4}.Release|Any CPU.ActiveCfg = Release|Any CPU
		{388BADFB-D8B8-496F-8D20-1B0CA40F02C4}.Release|Any CPU.Build.0 = Release|Any CPU
		{388BADFB-D8B8-496F-8D20-1B0CA40F02C4}.Release|iPhone.ActiveCfg = Release|Any CPU
		{388BADFB-D8B8-496F-8D20-1B0CA40F02C4}.Release|iPhone.Build.0 = Release|Any CPU
		{388BADFB-D8B8-496F-8D20-1B0CA40F02C4}.Release|iPhoneSimulator.ActiveCfg = Release|Any CPU
		{388BADFB-D8B8-496F-8D20-1B0CA40F02C4}.Release|iPhoneSimulator.Build.0 = Release|Any CPU
		{3C4E3015-5B47-4697-BD20-6F839E0BEF37}.Debug|Any CPU.ActiveCfg = Debug|Any CPU
		{3C4E3015-5B47-4697-BD20-6F839E0BEF37}.Debug|Any CPU.Build.0 = Debug|Any CPU
		{3C4E3015-5B47-4697-BD20-6F839E0BEF37}.Debug|Any CPU.Deploy.0 = Debug|Any CPU
		{3C4E3015-5B47-4697-BD20-6F839E0BEF37}.Debug|iPhone.ActiveCfg = Debug|Any CPU
		{3C4E3015-5B47-4697-BD20-6F839E0BEF37}.Debug|iPhone.Build.0 = Debug|Any CPU
		{3C4E3015-5B47-4697-BD20-6F839E0BEF37}.Debug|iPhone.Deploy.0 = Debug|Any CPU
		{3C4E3015-5B47-4697-BD20-6F839E0BEF37}.Debug|iPhoneSimulator.ActiveCfg = Debug|Any CPU
		{3C4E3015-5B47-4697-BD20-6F839E0BEF37}.Debug|iPhoneSimulator.Build.0 = Debug|Any CPU
		{3C4E3015-5B47-4697-BD20-6F839E0BEF37}.Debug|iPhoneSimulator.Deploy.0 = Debug|Any CPU
		{3C4E3015-5B47-4697-BD20-6F839E0BEF37}.Release|Any CPU.ActiveCfg = Release|Any CPU
		{3C4E3015-5B47-4697-BD20-6F839E0BEF37}.Release|Any CPU.Build.0 = Release|Any CPU
		{3C4E3015-5B47-4697-BD20-6F839E0BEF37}.Release|Any CPU.Deploy.0 = Release|Any CPU
		{3C4E3015-5B47-4697-BD20-6F839E0BEF37}.Release|iPhone.ActiveCfg = Release|Any CPU
		{3C4E3015-5B47-4697-BD20-6F839E0BEF37}.Release|iPhone.Build.0 = Release|Any CPU
		{3C4E3015-5B47-4697-BD20-6F839E0BEF37}.Release|iPhone.Deploy.0 = Release|Any CPU
		{3C4E3015-5B47-4697-BD20-6F839E0BEF37}.Release|iPhoneSimulator.ActiveCfg = Release|Any CPU
		{3C4E3015-5B47-4697-BD20-6F839E0BEF37}.Release|iPhoneSimulator.Build.0 = Release|Any CPU
		{3C4E3015-5B47-4697-BD20-6F839E0BEF37}.Release|iPhoneSimulator.Deploy.0 = Release|Any CPU
		{A8368BF7-31AE-4B06-ADE8-60AF16CBFA67}.Debug|Any CPU.ActiveCfg = Debug|iPhone
		{A8368BF7-31AE-4B06-ADE8-60AF16CBFA67}.Debug|iPhone.ActiveCfg = Debug|iPhone
		{A8368BF7-31AE-4B06-ADE8-60AF16CBFA67}.Debug|iPhone.Build.0 = Debug|iPhone
		{A8368BF7-31AE-4B06-ADE8-60AF16CBFA67}.Debug|iPhoneSimulator.ActiveCfg = Debug|iPhoneSimulator
		{A8368BF7-31AE-4B06-ADE8-60AF16CBFA67}.Debug|iPhoneSimulator.Build.0 = Debug|iPhoneSimulator
		{A8368BF7-31AE-4B06-ADE8-60AF16CBFA67}.Release|Any CPU.ActiveCfg = Release|iPhone
		{A8368BF7-31AE-4B06-ADE8-60AF16CBFA67}.Release|iPhone.ActiveCfg = Release|iPhone
		{A8368BF7-31AE-4B06-ADE8-60AF16CBFA67}.Release|iPhone.Build.0 = Release|iPhone
		{A8368BF7-31AE-4B06-ADE8-60AF16CBFA67}.Release|iPhoneSimulator.ActiveCfg = Release|iPhoneSimulator
		{A8368BF7-31AE-4B06-ADE8-60AF16CBFA67}.Release|iPhoneSimulator.Build.0 = Release|iPhoneSimulator
		{67F9D3A8-F71E-4428-913F-C37AE82CDB24}.Debug|Any CPU.ActiveCfg = Debug|Any CPU
		{67F9D3A8-F71E-4428-913F-C37AE82CDB24}.Debug|Any CPU.Build.0 = Debug|Any CPU
		{67F9D3A8-F71E-4428-913F-C37AE82CDB24}.Debug|iPhone.ActiveCfg = Debug|Any CPU
		{67F9D3A8-F71E-4428-913F-C37AE82CDB24}.Debug|iPhone.Build.0 = Debug|Any CPU
		{67F9D3A8-F71E-4428-913F-C37AE82CDB24}.Debug|iPhoneSimulator.ActiveCfg = Debug|Any CPU
		{67F9D3A8-F71E-4428-913F-C37AE82CDB24}.Debug|iPhoneSimulator.Build.0 = Debug|Any CPU
		{67F9D3A8-F71E-4428-913F-C37AE82CDB24}.Release|Any CPU.ActiveCfg = Release|Any CPU
		{67F9D3A8-F71E-4428-913F-C37AE82CDB24}.Release|Any CPU.Build.0 = Release|Any CPU
		{67F9D3A8-F71E-4428-913F-C37AE82CDB24}.Release|iPhone.ActiveCfg = Release|Any CPU
		{67F9D3A8-F71E-4428-913F-C37AE82CDB24}.Release|iPhone.Build.0 = Release|Any CPU
		{67F9D3A8-F71E-4428-913F-C37AE82CDB24}.Release|iPhoneSimulator.ActiveCfg = Release|Any CPU
		{67F9D3A8-F71E-4428-913F-C37AE82CDB24}.Release|iPhoneSimulator.Build.0 = Release|Any CPU
	EndGlobalSection
	GlobalSection(SolutionProperties) = preSolution
		HideSolutionNode = FALSE
	EndGlobalSection
EndGlobal
