
Microsoft Visual Studio Solution File, Format Version 12.00
# Visual Studio 15
VisualStudioVersion = 15.0.26430.13
MinimumVisualStudioVersion = 10.0.40219.1
Project("{FAE04EC0-301F-11D3-BF4B-00C04F79EFBC}") = "MyOrders.Android", "MyOrders\MyOrders.Android\MyOrders.Android.csproj", "{78F33F62-FC04-452D-A09E-F5E9F6AC6041}"
EndProject
Project("{FAE04EC0-301F-11D3-BF4B-00C04F79EFBC}") = "MyOrders.iOS", "MyOrders\MyOrders.iOS\MyOrders.iOS.csproj", "{FC02A853-499F-454D-A531-DBA63FAF2C6D}"
EndProject
Project("{FAE04EC0-301F-11D3-BF4B-00C04F79EFBC}") = "MyOrders", "MyOrders\MyOrders\MyOrders.csproj", "{429DCD2F-40D2-42D7-A887-406F9E5E0B94}"
EndProject
Global
	GlobalSection(SolutionConfigurationPlatforms) = preSolution
		Ad-Hoc|Any CPU = Ad-Hoc|Any CPU
		Ad-Hoc|iPhone = Ad-Hoc|iPhone
		Ad-Hoc|iPhoneSimulator = Ad-Hoc|iPhoneSimulator
		AppStore|Any CPU = AppStore|Any CPU
		AppStore|iPhone = AppStore|iPhone
		AppStore|iPhoneSimulator = AppStore|iPhoneSimulator
		Debug|Any CPU = Debug|Any CPU
		Debug|iPhone = Debug|iPhone
		Debug|iPhoneSimulator = Debug|iPhoneSimulator
		Release|Any CPU = Release|Any CPU
		Release|iPhone = Release|iPhone
		Release|iPhoneSimulator = Release|iPhoneSimulator
	EndGlobalSection
	GlobalSection(ProjectConfigurationPlatforms) = postSolution
		{78F33F62-FC04-452D-A09E-F5E9F6AC6041}.Ad-Hoc|Any CPU.ActiveCfg = Release|Any CPU
		{78F33F62-FC04-452D-A09E-F5E9F6AC6041}.Ad-Hoc|Any CPU.Build.0 = Release|Any CPU
		{78F33F62-FC04-452D-A09E-F5E9F6AC6041}.Ad-Hoc|Any CPU.Deploy.0 = Release|Any CPU
		{78F33F62-FC04-452D-A09E-F5E9F6AC6041}.Ad-Hoc|iPhone.ActiveCfg = Release|Any CPU
		{78F33F62-FC04-452D-A09E-F5E9F6AC6041}.Ad-Hoc|iPhone.Build.0 = Release|Any CPU
		{78F33F62-FC04-452D-A09E-F5E9F6AC6041}.Ad-Hoc|iPhone.Deploy.0 = Release|Any CPU
		{78F33F62-FC04-452D-A09E-F5E9F6AC6041}.Ad-Hoc|iPhoneSimulator.ActiveCfg = Release|Any CPU
		{78F33F62-FC04-452D-A09E-F5E9F6AC6041}.Ad-Hoc|iPhoneSimulator.Build.0 = Release|Any CPU
		{78F33F62-FC04-452D-A09E-F5E9F6AC6041}.Ad-Hoc|iPhoneSimulator.Deploy.0 = Release|Any CPU
		{78F33F62-FC04-452D-A09E-F5E9F6AC6041}.AppStore|Any CPU.ActiveCfg = Release|Any CPU
		{78F33F62-FC04-452D-A09E-F5E9F6AC6041}.AppStore|Any CPU.Build.0 = Release|Any CPU
		{78F33F62-FC04-452D-A09E-F5E9F6AC6041}.AppStore|Any CPU.Deploy.0 = Release|Any CPU
		{78F33F62-FC04-452D-A09E-F5E9F6AC6041}.AppStore|iPhone.ActiveCfg = Release|Any CPU
		{78F33F62-FC04-452D-A09E-F5E9F6AC6041}.AppStore|iPhone.Build.0 = Release|Any CPU
		{78F33F62-FC04-452D-A09E-F5E9F6AC6041}.AppStore|iPhone.Deploy.0 = Release|Any CPU
		{78F33F62-FC04-452D-A09E-F5E9F6AC6041}.AppStore|iPhoneSimulator.ActiveCfg = Release|Any CPU
		{78F33F62-FC04-452D-A09E-F5E9F6AC6041}.AppStore|iPhoneSimulator.Build.0 = Release|Any CPU
		{78F33F62-FC04-452D-A09E-F5E9F6AC6041}.AppStore|iPhoneSimulator.Deploy.0 = Release|Any CPU
		{78F33F62-FC04-452D-A09E-F5E9F6AC6041}.Debug|Any CPU.ActiveCfg = Debug|Any CPU
		{78F33F62-FC04-452D-A09E-F5E9F6AC6041}.Debug|Any CPU.Build.0 = Debug|Any CPU
		{78F33F62-FC04-452D-A09E-F5E9F6AC6041}.Debug|Any CPU.Deploy.0 = Debug|Any CPU
		{78F33F62-FC04-452D-A09E-F5E9F6AC6041}.Debug|iPhone.ActiveCfg = Debug|Any CPU
		{78F33F62-FC04-452D-A09E-F5E9F6AC6041}.Debug|iPhone.Build.0 = Debug|Any CPU
		{78F33F62-FC04-452D-A09E-F5E9F6AC6041}.Debug|iPhone.Deploy.0 = Debug|Any CPU
		{78F33F62-FC04-452D-A09E-F5E9F6AC6041}.Debug|iPhoneSimulator.ActiveCfg = Debug|Any CPU
		{78F33F62-FC04-452D-A09E-F5E9F6AC6041}.Debug|iPhoneSimulator.Build.0 = Debug|Any CPU
		{78F33F62-FC04-452D-A09E-F5E9F6AC6041}.Debug|iPhoneSimulator.Deploy.0 = Debug|Any CPU
		{78F33F62-FC04-452D-A09E-F5E9F6AC6041}.Release|Any CPU.ActiveCfg = Release|Any CPU
		{78F33F62-FC04-452D-A09E-F5E9F6AC6041}.Release|Any CPU.Build.0 = Release|Any CPU
		{78F33F62-FC04-452D-A09E-F5E9F6AC6041}.Release|Any CPU.Deploy.0 = Release|Any CPU
		{78F33F62-FC04-452D-A09E-F5E9F6AC6041}.Release|iPhone.ActiveCfg = Release|Any CPU
		{78F33F62-FC04-452D-A09E-F5E9F6AC6041}.Release|iPhone.Build.0 = Release|Any CPU
		{78F33F62-FC04-452D-A09E-F5E9F6AC6041}.Release|iPhone.Deploy.0 = Release|Any CPU
		{78F33F62-FC04-452D-A09E-F5E9F6AC6041}.Release|iPhoneSimulator.ActiveCfg = Release|Any CPU
		{78F33F62-FC04-452D-A09E-F5E9F6AC6041}.Release|iPhoneSimulator.Build.0 = Release|Any CPU
		{78F33F62-FC04-452D-A09E-F5E9F6AC6041}.Release|iPhoneSimulator.Deploy.0 = Release|Any CPU
		{FC02A853-499F-454D-A531-DBA63FAF2C6D}.Ad-Hoc|Any CPU.ActiveCfg = Ad-Hoc|iPhone
		{FC02A853-499F-454D-A531-DBA63FAF2C6D}.Ad-Hoc|iPhone.ActiveCfg = Ad-Hoc|iPhone
		{FC02A853-499F-454D-A531-DBA63FAF2C6D}.Ad-Hoc|iPhone.Build.0 = Ad-Hoc|iPhone
		{FC02A853-499F-454D-A531-DBA63FAF2C6D}.Ad-Hoc|iPhoneSimulator.ActiveCfg = Ad-Hoc|iPhoneSimulator
		{FC02A853-499F-454D-A531-DBA63FAF2C6D}.Ad-Hoc|iPhoneSimulator.Build.0 = Ad-Hoc|iPhoneSimulator
		{FC02A853-499F-454D-A531-DBA63FAF2C6D}.AppStore|Any CPU.ActiveCfg = AppStore|iPhone
		{FC02A853-499F-454D-A531-DBA63FAF2C6D}.AppStore|iPhone.ActiveCfg = AppStore|iPhone
		{FC02A853-499F-454D-A531-DBA63FAF2C6D}.AppStore|iPhone.Build.0 = AppStore|iPhone
		{FC02A853-499F-454D-A531-DBA63FAF2C6D}.AppStore|iPhoneSimulator.ActiveCfg = AppStore|iPhoneSimulator
		{FC02A853-499F-454D-A531-DBA63FAF2C6D}.AppStore|iPhoneSimulator.Build.0 = AppStore|iPhoneSimulator
		{FC02A853-499F-454D-A531-DBA63FAF2C6D}.Debug|Any CPU.ActiveCfg = Debug|iPhone
		{FC02A853-499F-454D-A531-DBA63FAF2C6D}.Debug|iPhone.ActiveCfg = Debug|iPhone
		{FC02A853-499F-454D-A531-DBA63FAF2C6D}.Debug|iPhone.Build.0 = Debug|iPhone
		{FC02A853-499F-454D-A531-DBA63FAF2C6D}.Debug|iPhoneSimulator.ActiveCfg = Debug|iPhoneSimulator
		{FC02A853-499F-454D-A531-DBA63FAF2C6D}.Debug|iPhoneSimulator.Build.0 = Debug|iPhoneSimulator
		{FC02A853-499F-454D-A531-DBA63FAF2C6D}.Release|Any CPU.ActiveCfg = Release|iPhone
		{FC02A853-499F-454D-A531-DBA63FAF2C6D}.Release|iPhone.ActiveCfg = Release|iPhone
		{FC02A853-499F-454D-A531-DBA63FAF2C6D}.Release|iPhone.Build.0 = Release|iPhone
		{FC02A853-499F-454D-A531-DBA63FAF2C6D}.Release|iPhoneSimulator.ActiveCfg = Release|iPhoneSimulator
		{FC02A853-499F-454D-A531-DBA63FAF2C6D}.Release|iPhoneSimulator.Build.0 = Release|iPhoneSimulator
		{429DCD2F-40D2-42D7-A887-406F9E5E0B94}.Ad-Hoc|Any CPU.ActiveCfg = Release|Any CPU
		{429DCD2F-40D2-42D7-A887-406F9E5E0B94}.Ad-Hoc|Any CPU.Build.0 = Release|Any CPU
		{429DCD2F-40D2-42D7-A887-406F9E5E0B94}.Ad-Hoc|iPhone.ActiveCfg = Release|Any CPU
		{429DCD2F-40D2-42D7-A887-406F9E5E0B94}.Ad-Hoc|iPhone.Build.0 = Release|Any CPU
		{429DCD2F-40D2-42D7-A887-406F9E5E0B94}.Ad-Hoc|iPhoneSimulator.ActiveCfg = Release|Any CPU
		{429DCD2F-40D2-42D7-A887-406F9E5E0B94}.Ad-Hoc|iPhoneSimulator.Build.0 = Release|Any CPU
		{429DCD2F-40D2-42D7-A887-406F9E5E0B94}.AppStore|Any CPU.ActiveCfg = Release|Any CPU
		{429DCD2F-40D2-42D7-A887-406F9E5E0B94}.AppStore|Any CPU.Build.0 = Release|Any CPU
		{429DCD2F-40D2-42D7-A887-406F9E5E0B94}.AppStore|iPhone.ActiveCfg = Release|Any CPU
		{429DCD2F-40D2-42D7-A887-406F9E5E0B94}.AppStore|iPhone.Build.0 = Release|Any CPU
		{429DCD2F-40D2-42D7-A887-406F9E5E0B94}.AppStore|iPhoneSimulator.ActiveCfg = Release|Any CPU
		{429DCD2F-40D2-42D7-A887-406F9E5E0B94}.AppStore|iPhoneSimulator.Build.0 = Release|Any CPU
		{429DCD2F-40D2-42D7-A887-406F9E5E0B94}.Debug|Any CPU.ActiveCfg = Debug|Any CPU
		{429DCD2F-40D2-42D7-A887-406F9E5E0B94}.Debug|Any CPU.Build.0 = Debug|Any CPU
		{429DCD2F-40D2-42D7-A887-406F9E5E0B94}.Debug|iPhone.ActiveCfg = Debug|Any CPU
		{429DCD2F-40D2-42D7-A887-406F9E5E0B94}.Debug|iPhone.Build.0 = Debug|Any CPU
		{429DCD2F-40D2-42D7-A887-406F9E5E0B94}.Debug|iPhoneSimulator.ActiveCfg = Debug|Any CPU
		{429DCD2F-40D2-42D7-A887-406F9E5E0B94}.Debug|iPhoneSimulator.Build.0 = Debug|Any CPU
		{429DCD2F-40D2-42D7-A887-406F9E5E0B94}.Release|Any CPU.ActiveCfg = Release|Any CPU
		{429DCD2F-40D2-42D7-A887-406F9E5E0B94}.Release|Any CPU.Build.0 = Release|Any CPU
		{429DCD2F-40D2-42D7-A887-406F9E5E0B94}.Release|iPhone.ActiveCfg = Release|Any CPU
		{429DCD2F-40D2-42D7-A887-406F9E5E0B94}.Release|iPhone.Build.0 = Release|Any CPU
		{429DCD2F-40D2-42D7-A887-406F9E5E0B94}.Release|iPhoneSimulator.ActiveCfg = Release|Any CPU
		{429DCD2F-40D2-42D7-A887-406F9E5E0B94}.Release|iPhoneSimulator.Build.0 = Release|Any CPU
	EndGlobalSection
	GlobalSection(SolutionProperties) = preSolution
		HideSolutionNode = FALSE
	EndGlobalSection
EndGlobal
