
Microsoft Visual Studio Solution File, Format Version 12.00
# Visual Studio 15
VisualStudioVersion = 15.0.26430.13
MinimumVisualStudioVersion = 10.0.40219.1
Project("{FAE04EC0-301F-11D3-BF4B-00C04F79EFBC}") = "PopUp_avanzado.Android", "PopUp_avanzado\PopUp_avanzado.Android\PopUp_avanzado.Android.csproj", "{CCB08400-5045-4EF9-B78B-541713EA3F55}"
EndProject
Project("{FAE04EC0-301F-11D3-BF4B-00C04F79EFBC}") = "PopUp_avanzado", "PopUp_avanzado\PopUp_avanzado\PopUp_avanzado.csproj", "{42C1EED7-DCC1-4AE9-A624-C116342FB56E}"
EndProject
Project("{FAE04EC0-301F-11D3-BF4B-00C04F79EFBC}") = "PopUp_avanzado.iOS", "PopUp_avanzado\PopUp_avanzado.iOS\PopUp_avanzado.iOS.csproj", "{86E73819-2D51-444C-873E-F082D3A82FD0}"
EndProject
Global
	GlobalSection(SolutionConfigurationPlatforms) = preSolution
		Ad-Hoc|Any CPU = Ad-Hoc|Any CPU
		Ad-Hoc|iPhone = Ad-Hoc|iPhone
		Ad-Hoc|iPhoneSimulator = Ad-Hoc|iPhoneSimulator
		AppStore|Any CPU = AppStore|Any CPU
		AppStore|iPhone = AppStore|iPhone
		AppStore|iPhoneSimulator = AppStore|iPhoneSimulator
		Debug|Any CPU = Debug|Any CPU
		Debug|iPhone = Debug|iPhone
		Debug|iPhoneSimulator = Debug|iPhoneSimulator
		Release|Any CPU = Release|Any CPU
		Release|iPhone = Release|iPhone
		Release|iPhoneSimulator = Release|iPhoneSimulator
	EndGlobalSection
	GlobalSection(ProjectConfigurationPlatforms) = postSolution
		{CCB08400-5045-4EF9-B78B-541713EA3F55}.Ad-Hoc|Any CPU.ActiveCfg = Release|Any CPU
		{CCB08400-5045-4EF9-B78B-541713EA3F55}.Ad-Hoc|Any CPU.Build.0 = Release|Any CPU
		{CCB08400-5045-4EF9-B78B-541713EA3F55}.Ad-Hoc|Any CPU.Deploy.0 = Release|Any CPU
		{CCB08400-5045-4EF9-B78B-541713EA3F55}.Ad-Hoc|iPhone.ActiveCfg = Release|Any CPU
		{CCB08400-5045-4EF9-B78B-541713EA3F55}.Ad-Hoc|iPhone.Build.0 = Release|Any CPU
		{CCB08400-5045-4EF9-B78B-541713EA3F55}.Ad-Hoc|iPhone.Deploy.0 = Release|Any CPU
		{CCB08400-5045-4EF9-B78B-541713EA3F55}.Ad-Hoc|iPhoneSimulator.ActiveCfg = Release|Any CPU
		{CCB08400-5045-4EF9-B78B-541713EA3F55}.Ad-Hoc|iPhoneSimulator.Build.0 = Release|Any CPU
		{CCB08400-5045-4EF9-B78B-541713EA3F55}.Ad-Hoc|iPhoneSimulator.Deploy.0 = Release|Any CPU
		{CCB08400-5045-4EF9-B78B-541713EA3F55}.AppStore|Any CPU.ActiveCfg = Release|Any CPU
		{CCB08400-5045-4EF9-B78B-541713EA3F55}.AppStore|Any CPU.Build.0 = Release|Any CPU
		{CCB08400-5045-4EF9-B78B-541713EA3F55}.AppStore|Any CPU.Deploy.0 = Release|Any CPU
		{CCB08400-5045-4EF9-B78B-541713EA3F55}.AppStore|iPhone.ActiveCfg = Release|Any CPU
		{CCB08400-5045-4EF9-B78B-541713EA3F55}.AppStore|iPhone.Build.0 = Release|Any CPU
		{CCB08400-5045-4EF9-B78B-541713EA3F55}.AppStore|iPhone.Deploy.0 = Release|Any CPU
		{CCB08400-5045-4EF9-B78B-541713EA3F55}.AppStore|iPhoneSimulator.ActiveCfg = Release|Any CPU
		{CCB08400-5045-4EF9-B78B-541713EA3F55}.AppStore|iPhoneSimulator.Build.0 = Release|Any CPU
		{CCB08400-5045-4EF9-B78B-541713EA3F55}.AppStore|iPhoneSimulator.Deploy.0 = Release|Any CPU
		{CCB08400-5045-4EF9-B78B-541713EA3F55}.Debug|Any CPU.ActiveCfg = Debug|Any CPU
		{CCB08400-5045-4EF9-B78B-541713EA3F55}.Debug|Any CPU.Build.0 = Debug|Any CPU
		{CCB08400-5045-4EF9-B78B-541713EA3F55}.Debug|Any CPU.Deploy.0 = Debug|Any CPU
		{CCB08400-5045-4EF9-B78B-541713EA3F55}.Debug|iPhone.ActiveCfg = Debug|Any CPU
		{CCB08400-5045-4EF9-B78B-541713EA3F55}.Debug|iPhone.Build.0 = Debug|Any CPU
		{CCB08400-5045-4EF9-B78B-541713EA3F55}.Debug|iPhone.Deploy.0 = Debug|Any CPU
		{CCB08400-5045-4EF9-B78B-541713EA3F55}.Debug|iPhoneSimulator.ActiveCfg = Debug|Any CPU
		{CCB08400-5045-4EF9-B78B-541713EA3F55}.Debug|iPhoneSimulator.Build.0 = Debug|Any CPU
		{CCB08400-5045-4EF9-B78B-541713EA3F55}.Debug|iPhoneSimulator.Deploy.0 = Debug|Any CPU
		{CCB08400-5045-4EF9-B78B-541713EA3F55}.Release|Any CPU.ActiveCfg = Release|Any CPU
		{CCB08400-5045-4EF9-B78B-541713EA3F55}.Release|Any CPU.Build.0 = Release|Any CPU
		{CCB08400-5045-4EF9-B78B-541713EA3F55}.Release|Any CPU.Deploy.0 = Release|Any CPU
		{CCB08400-5045-4EF9-B78B-541713EA3F55}.Release|iPhone.ActiveCfg = Release|Any CPU
		{CCB08400-5045-4EF9-B78B-541713EA3F55}.Release|iPhone.Build.0 = Release|Any CPU
		{CCB08400-5045-4EF9-B78B-541713EA3F55}.Release|iPhone.Deploy.0 = Release|Any CPU
		{CCB08400-5045-4EF9-B78B-541713EA3F55}.Release|iPhoneSimulator.ActiveCfg = Release|Any CPU
		{CCB08400-5045-4EF9-B78B-541713EA3F55}.Release|iPhoneSimulator.Build.0 = Release|Any CPU
		{CCB08400-5045-4EF9-B78B-541713EA3F55}.Release|iPhoneSimulator.Deploy.0 = Release|Any CPU
		{42C1EED7-DCC1-4AE9-A624-C116342FB56E}.Ad-Hoc|Any CPU.ActiveCfg = Release|Any CPU
		{42C1EED7-DCC1-4AE9-A624-C116342FB56E}.Ad-Hoc|Any CPU.Build.0 = Release|Any CPU
		{42C1EED7-DCC1-4AE9-A624-C116342FB56E}.Ad-Hoc|iPhone.ActiveCfg = Release|Any CPU
		{42C1EED7-DCC1-4AE9-A624-C116342FB56E}.Ad-Hoc|iPhone.Build.0 = Release|Any CPU
		{42C1EED7-DCC1-4AE9-A624-C116342FB56E}.Ad-Hoc|iPhoneSimulator.ActiveCfg = Release|Any CPU
		{42C1EED7-DCC1-4AE9-A624-C116342FB56E}.Ad-Hoc|iPhoneSimulator.Build.0 = Release|Any CPU
		{42C1EED7-DCC1-4AE9-A624-C116342FB56E}.AppStore|Any CPU.ActiveCfg = Release|Any CPU
		{42C1EED7-DCC1-4AE9-A624-C116342FB56E}.AppStore|Any CPU.Build.0 = Release|Any CPU
		{42C1EED7-DCC1-4AE9-A624-C116342FB56E}.AppStore|iPhone.ActiveCfg = Release|Any CPU
		{42C1EED7-DCC1-4AE9-A624-C116342FB56E}.AppStore|iPhone.Build.0 = Release|Any CPU
		{42C1EED7-DCC1-4AE9-A624-C116342FB56E}.AppStore|iPhoneSimulator.ActiveCfg = Release|Any CPU
		{42C1EED7-DCC1-4AE9-A624-C116342FB56E}.AppStore|iPhoneSimulator.Build.0 = Release|Any CPU
		{42C1EED7-DCC1-4AE9-A624-C116342FB56E}.Debug|Any CPU.ActiveCfg = Debug|Any CPU
		{42C1EED7-DCC1-4AE9-A624-C116342FB56E}.Debug|Any CPU.Build.0 = Debug|Any CPU
		{42C1EED7-DCC1-4AE9-A624-C116342FB56E}.Debug|iPhone.ActiveCfg = Debug|Any CPU
		{42C1EED7-DCC1-4AE9-A624-C116342FB56E}.Debug|iPhone.Build.0 = Debug|Any CPU
		{42C1EED7-DCC1-4AE9-A624-C116342FB56E}.Debug|iPhoneSimulator.ActiveCfg = Debug|Any CPU
		{42C1EED7-DCC1-4AE9-A624-C116342FB56E}.Debug|iPhoneSimulator.Build.0 = Debug|Any CPU
		{42C1EED7-DCC1-4AE9-A624-C116342FB56E}.Release|Any CPU.ActiveCfg = Release|Any CPU
		{42C1EED7-DCC1-4AE9-A624-C116342FB56E}.Release|Any CPU.Build.0 = Release|Any CPU
		{42C1EED7-DCC1-4AE9-A624-C116342FB56E}.Release|iPhone.ActiveCfg = Release|Any CPU
		{42C1EED7-DCC1-4AE9-A624-C116342FB56E}.Release|iPhone.Build.0 = Release|Any CPU
		{42C1EED7-DCC1-4AE9-A624-C116342FB56E}.Release|iPhoneSimulator.ActiveCfg = Release|Any CPU
		{42C1EED7-DCC1-4AE9-A624-C116342FB56E}.Release|iPhoneSimulator.Build.0 = Release|Any CPU
		{86E73819-2D51-444C-873E-F082D3A82FD0}.Ad-Hoc|Any CPU.ActiveCfg = Ad-Hoc|iPhone
		{86E73819-2D51-444C-873E-F082D3A82FD0}.Ad-Hoc|iPhone.ActiveCfg = Ad-Hoc|iPhone
		{86E73819-2D51-444C-873E-F082D3A82FD0}.Ad-Hoc|iPhone.Build.0 = Ad-Hoc|iPhone
		{86E73819-2D51-444C-873E-F082D3A82FD0}.Ad-Hoc|iPhoneSimulator.ActiveCfg = Ad-Hoc|iPhoneSimulator
		{86E73819-2D51-444C-873E-F082D3A82FD0}.Ad-Hoc|iPhoneSimulator.Build.0 = Ad-Hoc|iPhoneSimulator
		{86E73819-2D51-444C-873E-F082D3A82FD0}.AppStore|Any CPU.ActiveCfg = AppStore|iPhone
		{86E73819-2D51-444C-873E-F082D3A82FD0}.AppStore|iPhone.ActiveCfg = AppStore|iPhone
		{86E73819-2D51-444C-873E-F082D3A82FD0}.AppStore|iPhone.Build.0 = AppStore|iPhone
		{86E73819-2D51-444C-873E-F082D3A82FD0}.AppStore|iPhoneSimulator.ActiveCfg = AppStore|iPhoneSimulator
		{86E73819-2D51-444C-873E-F082D3A82FD0}.AppStore|iPhoneSimulator.Build.0 = AppStore|iPhoneSimulator
		{86E73819-2D51-444C-873E-F082D3A82FD0}.Debug|Any CPU.ActiveCfg = Debug|iPhone
		{86E73819-2D51-444C-873E-F082D3A82FD0}.Debug|iPhone.ActiveCfg = Debug|iPhone
		{86E73819-2D51-444C-873E-F082D3A82FD0}.Debug|iPhone.Build.0 = Debug|iPhone
		{86E73819-2D51-444C-873E-F082D3A82FD0}.Debug|iPhoneSimulator.ActiveCfg = Debug|iPhoneSimulator
		{86E73819-2D51-444C-873E-F082D3A82FD0}.Debug|iPhoneSimulator.Build.0 = Debug|iPhoneSimulator
		{86E73819-2D51-444C-873E-F082D3A82FD0}.Release|Any CPU.ActiveCfg = Release|iPhone
		{86E73819-2D51-444C-873E-F082D3A82FD0}.Release|iPhone.ActiveCfg = Release|iPhone
		{86E73819-2D51-444C-873E-F082D3A82FD0}.Release|iPhone.Build.0 = Release|iPhone
		{86E73819-2D51-444C-873E-F082D3A82FD0}.Release|iPhoneSimulator.ActiveCfg = Release|iPhoneSimulator
		{86E73819-2D51-444C-873E-F082D3A82FD0}.Release|iPhoneSimulator.Build.0 = Release|iPhoneSimulator
	EndGlobalSection
	GlobalSection(SolutionProperties) = preSolution
		HideSolutionNode = FALSE
	EndGlobalSection
EndGlobal
