
Microsoft Visual Studio Solution File, Format Version 12.00
# Visual Studio 15
VisualStudioVersion = 15.0.26430.13
MinimumVisualStudioVersion = 10.0.40219.1
Project("{FAE04EC0-301F-11D3-BF4B-00C04F79EFBC}") = "GPI_Consultores", "GPI Consultores\GPI_Consultores\GPI_Consultores.csproj", "{1BD4A103-B5CB-4616-9E0C-49630E23A598}"
EndProject
Project("{FAE04EC0-301F-11D3-BF4B-00C04F79EFBC}") = "GPI_Consultores.Android", "GPI Consultores\GPI_Consultores.Android\GPI_Consultores.Android.csproj", "{6D07231E-17D8-4F7A-A469-BCC686541F60}"
EndProject
Project("{FAE04EC0-301F-11D3-BF4B-00C04F79EFBC}") = "GPI_Consultores.iOS", "GPI Consultores\GPI_Consultores.iOS\GPI_Consultores.iOS.csproj", "{7BF857AE-4210-4413-BC5D-6F8207B276F3}"
EndProject
Global
	GlobalSection(SolutionConfigurationPlatforms) = preSolution
		Debug|Any CPU = Debug|Any CPU
		Debug|iPhone = Debug|iPhone
		Debug|iPhoneSimulator = Debug|iPhoneSimulator
		Release|Any CPU = Release|Any CPU
		Release|iPhone = Release|iPhone
		Release|iPhoneSimulator = Release|iPhoneSimulator
	EndGlobalSection
	GlobalSection(ProjectConfigurationPlatforms) = postSolution
		{1BD4A103-B5CB-4616-9E0C-49630E23A598}.Debug|Any CPU.ActiveCfg = Debug|Any CPU
		{1BD4A103-B5CB-4616-9E0C-49630E23A598}.Debug|Any CPU.Build.0 = Debug|Any CPU
		{1BD4A103-B5CB-4616-9E0C-49630E23A598}.Debug|iPhone.ActiveCfg = Debug|Any CPU
		{1BD4A103-B5CB-4616-9E0C-49630E23A598}.Debug|iPhone.Build.0 = Debug|Any CPU
		{1BD4A103-B5CB-4616-9E0C-49630E23A598}.Debug|iPhoneSimulator.ActiveCfg = Debug|Any CPU
		{1BD4A103-B5CB-4616-9E0C-49630E23A598}.Debug|iPhoneSimulator.Build.0 = Debug|Any CPU
		{1BD4A103-B5CB-4616-9E0C-49630E23A598}.Release|Any CPU.ActiveCfg = Release|Any CPU
		{1BD4A103-B5CB-4616-9E0C-49630E23A598}.Release|Any CPU.Build.0 = Release|Any CPU
		{1BD4A103-B5CB-4616-9E0C-49630E23A598}.Release|iPhone.ActiveCfg = Release|Any CPU
		{1BD4A103-B5CB-4616-9E0C-49630E23A598}.Release|iPhone.Build.0 = Release|Any CPU
		{1BD4A103-B5CB-4616-9E0C-49630E23A598}.Release|iPhoneSimulator.ActiveCfg = Release|Any CPU
		{1BD4A103-B5CB-4616-9E0C-49630E23A598}.Release|iPhoneSimulator.Build.0 = Release|Any CPU
		{6D07231E-17D8-4F7A-A469-BCC686541F60}.Debug|Any CPU.ActiveCfg = Debug|Any CPU
		{6D07231E-17D8-4F7A-A469-BCC686541F60}.Debug|Any CPU.Build.0 = Debug|Any CPU
		{6D07231E-17D8-4F7A-A469-BCC686541F60}.Debug|Any CPU.Deploy.0 = Debug|Any CPU
		{6D07231E-17D8-4F7A-A469-BCC686541F60}.Debug|iPhone.ActiveCfg = Debug|Any CPU
		{6D07231E-17D8-4F7A-A469-BCC686541F60}.Debug|iPhone.Build.0 = Debug|Any CPU
		{6D07231E-17D8-4F7A-A469-BCC686541F60}.Debug|iPhone.Deploy.0 = Debug|Any CPU
		{6D07231E-17D8-4F7A-A469-BCC686541F60}.Debug|iPhoneSimulator.ActiveCfg = Debug|Any CPU
		{6D07231E-17D8-4F7A-A469-BCC686541F60}.Debug|iPhoneSimulator.Build.0 = Debug|Any CPU
		{6D07231E-17D8-4F7A-A469-BCC686541F60}.Debug|iPhoneSimulator.Deploy.0 = Debug|Any CPU
		{6D07231E-17D8-4F7A-A469-BCC686541F60}.Release|Any CPU.ActiveCfg = Release|Any CPU
		{6D07231E-17D8-4F7A-A469-BCC686541F60}.Release|Any CPU.Build.0 = Release|Any CPU
		{6D07231E-17D8-4F7A-A469-BCC686541F60}.Release|Any CPU.Deploy.0 = Release|Any CPU
		{6D07231E-17D8-4F7A-A469-BCC686541F60}.Release|iPhone.ActiveCfg = Release|Any CPU
		{6D07231E-17D8-4F7A-A469-BCC686541F60}.Release|iPhone.Build.0 = Release|Any CPU
		{6D07231E-17D8-4F7A-A469-BCC686541F60}.Release|iPhone.Deploy.0 = Release|Any CPU
		{6D07231E-17D8-4F7A-A469-BCC686541F60}.Release|iPhoneSimulator.ActiveCfg = Release|Any CPU
		{6D07231E-17D8-4F7A-A469-BCC686541F60}.Release|iPhoneSimulator.Build.0 = Release|Any CPU
		{6D07231E-17D8-4F7A-A469-BCC686541F60}.Release|iPhoneSimulator.Deploy.0 = Release|Any CPU
		{7BF857AE-4210-4413-BC5D-6F8207B276F3}.Debug|Any CPU.ActiveCfg = Debug|iPhone
		{7BF857AE-4210-4413-BC5D-6F8207B276F3}.Debug|iPhone.ActiveCfg = Debug|iPhone
		{7BF857AE-4210-4413-BC5D-6F8207B276F3}.Debug|iPhone.Build.0 = Debug|iPhone
		{7BF857AE-4210-4413-BC5D-6F8207B276F3}.Debug|iPhoneSimulator.ActiveCfg = Debug|iPhoneSimulator
		{7BF857AE-4210-4413-BC5D-6F8207B276F3}.Debug|iPhoneSimulator.Build.0 = Debug|iPhoneSimulator
		{7BF857AE-4210-4413-BC5D-6F8207B276F3}.Release|Any CPU.ActiveCfg = Release|iPhone
		{7BF857AE-4210-4413-BC5D-6F8207B276F3}.Release|iPhone.ActiveCfg = Release|iPhone
		{7BF857AE-4210-4413-BC5D-6F8207B276F3}.Release|iPhone.Build.0 = Release|iPhone
		{7BF857AE-4210-4413-BC5D-6F8207B276F3}.Release|iPhoneSimulator.ActiveCfg = Release|iPhoneSimulator
		{7BF857AE-4210-4413-BC5D-6F8207B276F3}.Release|iPhoneSimulator.Build.0 = Release|iPhoneSimulator
	EndGlobalSection
	GlobalSection(SolutionProperties) = preSolution
		HideSolutionNode = FALSE
	EndGlobalSection
EndGlobal
